// !$*UTF8*$!
{
	archiveVersion = 1;
	classes = {
	};
	objectVersion = 51;
	objects = {

/* Begin PBXBuildFile section */
		066D0CDA132132DFCBFF7B79 /* Pods_recipeResearcher_recipeResearcherUITests.framework in Frameworks */ = {isa = PBXBuildFile; fileRef = 5DD68163C8F9786C59E15F46 /* Pods_recipeResearcher_recipeResearcherUITests.framework */; };
		1945C30445BB2460C4D9DFE3 /* Pods_recipeResearcher.framework in Frameworks */ = {isa = PBXBuildFile; fileRef = FCACDB7C7DD837B71901126E /* Pods_recipeResearcher.framework */; };
		41B146612680D71F0080F75D /* recipeInfoViewController.swift in Sources */ = {isa = PBXBuildFile; fileRef = 41B146602680D71E0080F75D /* recipeInfoViewController.swift */; };
		41B146632680ECB20080F75D /* originalPageViewController.swift in Sources */ = {isa = PBXBuildFile; fileRef = 41B146622680ECB20080F75D /* originalPageViewController.swift */; };
		41C0693926823A9A006B90BD /* categoryRequest.swift in Sources */ = {isa = PBXBuildFile; fileRef = 41C0693826823A9A006B90BD /* categoryRequest.swift */; };
		41C0693B268244CA006B90BD /* getImageByUrl.swift in Sources */ = {isa = PBXBuildFile; fileRef = 41C0693A268244CA006B90BD /* getImageByUrl.swift */; };
		41FB7F95267F6B320030E927 /* AppDelegate.swift in Sources */ = {isa = PBXBuildFile; fileRef = 41FB7F94267F6B320030E927 /* AppDelegate.swift */; };
		41FB7F97267F6B320030E927 /* SceneDelegate.swift in Sources */ = {isa = PBXBuildFile; fileRef = 41FB7F96267F6B320030E927 /* SceneDelegate.swift */; };
		41FB7F99267F6B320030E927 /* ViewController.swift in Sources */ = {isa = PBXBuildFile; fileRef = 41FB7F98267F6B320030E927 /* ViewController.swift */; };
		41FB7F9C267F6B320030E927 /* Main.storyboard in Resources */ = {isa = PBXBuildFile; fileRef = 41FB7F9A267F6B320030E927 /* Main.storyboard */; };
		41FB7F9E267F6B3A0030E927 /* Assets.xcassets in Resources */ = {isa = PBXBuildFile; fileRef = 41FB7F9D267F6B3A0030E927 /* Assets.xcassets */; };
		41FB7FA1267F6B3A0030E927 /* LaunchScreen.storyboard in Resources */ = {isa = PBXBuildFile; fileRef = 41FB7F9F267F6B3A0030E927 /* LaunchScreen.storyboard */; };
		41FB7FAC267F6B3B0030E927 /* recipeResearcherTests.swift in Sources */ = {isa = PBXBuildFile; fileRef = 41FB7FAB267F6B3B0030E927 /* recipeResearcherTests.swift */; };
		41FB7FB7267F6B3B0030E927 /* recipeResearcherUITests.swift in Sources */ = {isa = PBXBuildFile; fileRef = 41FB7FB6267F6B3B0030E927 /* recipeResearcherUITests.swift */; };
		41FB7FC5267F6BCB0030E927 /* apiStruct.swift in Sources */ = {isa = PBXBuildFile; fileRef = 41FB7FC4267F6BCB0030E927 /* apiStruct.swift */; };
		41FB7FC7267F6D360030E927 /* apiKey.swift in Sources */ = {isa = PBXBuildFile; fileRef = 41FB7FC6267F6D360030E927 /* apiKey.swift */; };
		41FB7FC9267F6D600030E927 /* recipeRequest.swift in Sources */ = {isa = PBXBuildFile; fileRef = 41FB7FC8267F6D600030E927 /* recipeRequest.swift */; };
		41FB7FCB267F91EA0030E927 /* categoryViewController.swift in Sources */ = {isa = PBXBuildFile; fileRef = 41FB7FCA267F91E90030E927 /* categoryViewController.swift */; };
		41FB7FCD26800DB70030E927 /* recipeListViewController.swift in Sources */ = {isa = PBXBuildFile; fileRef = 41FB7FCC26800DB70030E927 /* recipeListViewController.swift */; };
		CBF0387349D33D7B0E6E1E1C /* Pods_recipeResearcherTests.framework in Frameworks */ = {isa = PBXBuildFile; fileRef = A2AC5F2C26670A4752A8850F /* Pods_recipeResearcherTests.framework */; };
/* End PBXBuildFile section */

/* Begin PBXContainerItemProxy section */
		41FB7FA8267F6B3B0030E927 /* PBXContainerItemProxy */ = {
			isa = PBXContainerItemProxy;
			containerPortal = 41FB7F89267F6B320030E927 /* Project object */;
			proxyType = 1;
			remoteGlobalIDString = 41FB7F90267F6B320030E927;
			remoteInfo = recipeResearcher;
		};
		41FB7FB3267F6B3B0030E927 /* PBXContainerItemProxy */ = {
			isa = PBXContainerItemProxy;
			containerPortal = 41FB7F89267F6B320030E927 /* Project object */;
			proxyType = 1;
			remoteGlobalIDString = 41FB7F90267F6B320030E927;
			remoteInfo = recipeResearcher;
		};
/* End PBXContainerItemProxy section */

/* Begin PBXFileReference section */
		0CDB49D3C7CA57BFEA7E76EA /* Pods-recipeResearcherTests.release.xcconfig */ = {isa = PBXFileReference; includeInIndex = 1; lastKnownFileType = text.xcconfig; name = "Pods-recipeResearcherTests.release.xcconfig"; path = "Target Support Files/Pods-recipeResearcherTests/Pods-recipeResearcherTests.release.xcconfig"; sourceTree = "<group>"; };
		170D9808A55483622466171F /* Pods-recipeResearcher.release.xcconfig */ = {isa = PBXFileReference; includeInIndex = 1; lastKnownFileType = text.xcconfig; name = "Pods-recipeResearcher.release.xcconfig"; path = "Target Support Files/Pods-recipeResearcher/Pods-recipeResearcher.release.xcconfig"; sourceTree = "<group>"; };
		2C13D9C68D5FEA5EA0DBFF00 /* Pods-recipeResearcher.debug.xcconfig */ = {isa = PBXFileReference; includeInIndex = 1; lastKnownFileType = text.xcconfig; name = "Pods-recipeResearcher.debug.xcconfig"; path = "Target Support Files/Pods-recipeResearcher/Pods-recipeResearcher.debug.xcconfig"; sourceTree = "<group>"; };
		41B146602680D71E0080F75D /* recipeInfoViewController.swift */ = {isa = PBXFileReference; lastKnownFileType = sourcecode.swift; path = recipeInfoViewController.swift; sourceTree = "<group>"; };
		41B146622680ECB20080F75D /* originalPageViewController.swift */ = {isa = PBXFileReference; lastKnownFileType = sourcecode.swift; path = originalPageViewController.swift; sourceTree = "<group>"; };
		41C0693826823A9A006B90BD /* categoryRequest.swift */ = {isa = PBXFileReference; lastKnownFileType = sourcecode.swift; path = categoryRequest.swift; sourceTree = "<group>"; };
		41C0693A268244CA006B90BD /* getImageByUrl.swift */ = {isa = PBXFileReference; lastKnownFileType = sourcecode.swift; path = getImageByUrl.swift; sourceTree = "<group>"; };
		41FB7F91267F6B320030E927 /* recipeResearcher.app */ = {isa = PBXFileReference; explicitFileType = wrapper.application; includeInIndex = 0; path = recipeResearcher.app; sourceTree = BUILT_PRODUCTS_DIR; };
		41FB7F94267F6B320030E927 /* AppDelegate.swift */ = {isa = PBXFileReference; lastKnownFileType = sourcecode.swift; path = AppDelegate.swift; sourceTree = "<group>"; };
		41FB7F96267F6B320030E927 /* SceneDelegate.swift */ = {isa = PBXFileReference; lastKnownFileType = sourcecode.swift; path = SceneDelegate.swift; sourceTree = "<group>"; };
		41FB7F98267F6B320030E927 /* ViewController.swift */ = {isa = PBXFileReference; lastKnownFileType = sourcecode.swift; path = ViewController.swift; sourceTree = "<group>"; };
		41FB7F9B267F6B320030E927 /* Base */ = {isa = PBXFileReference; lastKnownFileType = file.storyboard; name = Base; path = Base.lproj/Main.storyboard; sourceTree = "<group>"; };
		41FB7F9D267F6B3A0030E927 /* Assets.xcassets */ = {isa = PBXFileReference; lastKnownFileType = folder.assetcatalog; path = Assets.xcassets; sourceTree = "<group>"; };
		41FB7FA0267F6B3A0030E927 /* Base */ = {isa = PBXFileReference; lastKnownFileType = file.storyboard; name = Base; path = Base.lproj/LaunchScreen.storyboard; sourceTree = "<group>"; };
		41FB7FA2267F6B3A0030E927 /* Info.plist */ = {isa = PBXFileReference; lastKnownFileType = text.plist.xml; path = Info.plist; sourceTree = "<group>"; };
		41FB7FA7267F6B3B0030E927 /* recipeResearcherTests.xctest */ = {isa = PBXFileReference; explicitFileType = wrapper.cfbundle; includeInIndex = 0; path = recipeResearcherTests.xctest; sourceTree = BUILT_PRODUCTS_DIR; };
		41FB7FAB267F6B3B0030E927 /* recipeResearcherTests.swift */ = {isa = PBXFileReference; lastKnownFileType = sourcecode.swift; path = recipeResearcherTests.swift; sourceTree = "<group>"; };
		41FB7FAD267F6B3B0030E927 /* Info.plist */ = {isa = PBXFileReference; lastKnownFileType = text.plist.xml; path = Info.plist; sourceTree = "<group>"; };
		41FB7FB2267F6B3B0030E927 /* recipeResearcherUITests.xctest */ = {isa = PBXFileReference; explicitFileType = wrapper.cfbundle; includeInIndex = 0; path = recipeResearcherUITests.xctest; sourceTree = BUILT_PRODUCTS_DIR; };
		41FB7FB6267F6B3B0030E927 /* recipeResearcherUITests.swift */ = {isa = PBXFileReference; lastKnownFileType = sourcecode.swift; path = recipeResearcherUITests.swift; sourceTree = "<group>"; };
		41FB7FB8267F6B3B0030E927 /* Info.plist */ = {isa = PBXFileReference; lastKnownFileType = text.plist.xml; path = Info.plist; sourceTree = "<group>"; };
		41FB7FC4267F6BCB0030E927 /* apiStruct.swift */ = {isa = PBXFileReference; lastKnownFileType = sourcecode.swift; path = apiStruct.swift; sourceTree = "<group>"; };
		41FB7FC6267F6D360030E927 /* apiKey.swift */ = {isa = PBXFileReference; lastKnownFileType = sourcecode.swift; path = apiKey.swift; sourceTree = "<group>"; };
		41FB7FC8267F6D600030E927 /* recipeRequest.swift */ = {isa = PBXFileReference; lastKnownFileType = sourcecode.swift; path = recipeRequest.swift; sourceTree = "<group>"; };
		41FB7FCA267F91E90030E927 /* categoryViewController.swift */ = {isa = PBXFileReference; lastKnownFileType = sourcecode.swift; path = categoryViewController.swift; sourceTree = "<group>"; };
		41FB7FCC26800DB70030E927 /* recipeListViewController.swift */ = {isa = PBXFileReference; lastKnownFileType = sourcecode.swift; path = recipeListViewController.swift; sourceTree = "<group>"; };
		5DD68163C8F9786C59E15F46 /* Pods_recipeResearcher_recipeResearcherUITests.framework */ = {isa = PBXFileReference; explicitFileType = wrapper.framework; includeInIndex = 0; path = Pods_recipeResearcher_recipeResearcherUITests.framework; sourceTree = BUILT_PRODUCTS_DIR; };
		A2AC5F2C26670A4752A8850F /* Pods_recipeResearcherTests.framework */ = {isa = PBXFileReference; explicitFileType = wrapper.framework; includeInIndex = 0; path = Pods_recipeResearcherTests.framework; sourceTree = BUILT_PRODUCTS_DIR; };
		AC26C2FFCC095DCA248D96AD /* Pods-recipeResearcherTests.debug.xcconfig */ = {isa = PBXFileReference; includeInIndex = 1; lastKnownFileType = text.xcconfig; name = "Pods-recipeResearcherTests.debug.xcconfig"; path = "Target Support Files/Pods-recipeResearcherTests/Pods-recipeResearcherTests.debug.xcconfig"; sourceTree = "<group>"; };
		BF76325778BCBEA712E072D9 /* Pods-recipeResearcher-recipeResearcherUITests.release.xcconfig */ = {isa = PBXFileReference; includeInIndex = 1; lastKnownFileType = text.xcconfig; name = "Pods-recipeResearcher-recipeResearcherUITests.release.xcconfig"; path = "Target Support Files/Pods-recipeResearcher-recipeResearcherUITests/Pods-recipeResearcher-recipeResearcherUITests.release.xcconfig"; sourceTree = "<group>"; };
		E75F914B63EB87E72E1D2C93 /* Pods-recipeResearcher-recipeResearcherUITests.debug.xcconfig */ = {isa = PBXFileReference; includeInIndex = 1; lastKnownFileType = text.xcconfig; name = "Pods-recipeResearcher-recipeResearcherUITests.debug.xcconfig"; path = "Target Support Files/Pods-recipeResearcher-recipeResearcherUITests/Pods-recipeResearcher-recipeResearcherUITests.debug.xcconfig"; sourceTree = "<group>"; };
		FCACDB7C7DD837B71901126E /* Pods_recipeResearcher.framework */ = {isa = PBXFileReference; explicitFileType = wrapper.framework; includeInIndex = 0; path = Pods_recipeResearcher.framework; sourceTree = BUILT_PRODUCTS_DIR; };
/* End PBXFileReference section */

/* Begin PBXFrameworksBuildPhase section */
		41FB7F8E267F6B320030E927 /* Frameworks */ = {
			isa = PBXFrameworksBuildPhase;
			buildActionMask = 2147483647;
			files = (
				1945C30445BB2460C4D9DFE3 /* Pods_recipeResearcher.framework in Frameworks */,
			);
			runOnlyForDeploymentPostprocessing = 0;
		};
		41FB7FA4267F6B3B0030E927 /* Frameworks */ = {
			isa = PBXFrameworksBuildPhase;
			buildActionMask = 2147483647;
			files = (
				CBF0387349D33D7B0E6E1E1C /* Pods_recipeResearcherTests.framework in Frameworks */,
			);
			runOnlyForDeploymentPostprocessing = 0;
		};
		41FB7FAF267F6B3B0030E927 /* Frameworks */ = {
			isa = PBXFrameworksBuildPhase;
			buildActionMask = 2147483647;
			files = (
				066D0CDA132132DFCBFF7B79 /* Pods_recipeResearcher_recipeResearcherUITests.framework in Frameworks */,
			);
			runOnlyForDeploymentPostprocessing = 0;
		};
/* End PBXFrameworksBuildPhase section */

/* Begin PBXGroup section */
		314E20260200F5F4473F90F7 /* Pods */ = {
			isa = PBXGroup;
			children = (
				2C13D9C68D5FEA5EA0DBFF00 /* Pods-recipeResearcher.debug.xcconfig */,
				170D9808A55483622466171F /* Pods-recipeResearcher.release.xcconfig */,
				E75F914B63EB87E72E1D2C93 /* Pods-recipeResearcher-recipeResearcherUITests.debug.xcconfig */,
				BF76325778BCBEA712E072D9 /* Pods-recipeResearcher-recipeResearcherUITests.release.xcconfig */,
				AC26C2FFCC095DCA248D96AD /* Pods-recipeResearcherTests.debug.xcconfig */,
				0CDB49D3C7CA57BFEA7E76EA /* Pods-recipeResearcherTests.release.xcconfig */,
			);
			path = Pods;
			sourceTree = "<group>";
		};
		41FB7F88267F6B320030E927 = {
			isa = PBXGroup;
			children = (
				41FB7F93267F6B320030E927 /* recipeResearcher */,
				41FB7FAA267F6B3B0030E927 /* recipeResearcherTests */,
				41FB7FB5267F6B3B0030E927 /* recipeResearcherUITests */,
				41FB7F92267F6B320030E927 /* Products */,
				314E20260200F5F4473F90F7 /* Pods */,
				DF5D5B1B5893FEB8BD23A46B /* Frameworks */,
			);
			sourceTree = "<group>";
		};
		41FB7F92267F6B320030E927 /* Products */ = {
			isa = PBXGroup;
			children = (
				41FB7F91267F6B320030E927 /* recipeResearcher.app */,
				41FB7FA7267F6B3B0030E927 /* recipeResearcherTests.xctest */,
				41FB7FB2267F6B3B0030E927 /* recipeResearcherUITests.xctest */,
			);
			name = Products;
			sourceTree = "<group>";
		};
		41FB7F93267F6B320030E927 /* recipeResearcher */ = {
			isa = PBXGroup;
			children = (
				41FB7F94267F6B320030E927 /* AppDelegate.swift */,
				41FB7F96267F6B320030E927 /* SceneDelegate.swift */,
				41FB7F98267F6B320030E927 /* ViewController.swift */,
				41FB7FCA267F91E90030E927 /* categoryViewController.swift */,
				41FB7FCC26800DB70030E927 /* recipeListViewController.swift */,
				41B146602680D71E0080F75D /* recipeInfoViewController.swift */,
				41B146622680ECB20080F75D /* originalPageViewController.swift */,
				41FB7FC8267F6D600030E927 /* recipeRequest.swift */,
				41C0693826823A9A006B90BD /* categoryRequest.swift */,
				41C0693A268244CA006B90BD /* getImageByUrl.swift */,
				41FB7FC6267F6D360030E927 /* apiKey.swift */,
				41FB7FC4267F6BCB0030E927 /* apiStruct.swift */,
				41FB7F9A267F6B320030E927 /* Main.storyboard */,
				41FB7F9D267F6B3A0030E927 /* Assets.xcassets */,
				41FB7F9F267F6B3A0030E927 /* LaunchScreen.storyboard */,
				41FB7FA2267F6B3A0030E927 /* Info.plist */,
			);
			path = recipeResearcher;
			sourceTree = "<group>";
		};
		41FB7FAA267F6B3B0030E927 /* recipeResearcherTests */ = {
			isa = PBXGroup;
			children = (
				41FB7FAB267F6B3B0030E927 /* recipeResearcherTests.swift */,
				41FB7FAD267F6B3B0030E927 /* Info.plist */,
			);
			path = recipeResearcherTests;
			sourceTree = "<group>";
		};
		41FB7FB5267F6B3B0030E927 /* recipeResearcherUITests */ = {
			isa = PBXGroup;
			children = (
				41FB7FB6267F6B3B0030E927 /* recipeResearcherUITests.swift */,
				41FB7FB8267F6B3B0030E927 /* Info.plist */,
			);
			path = recipeResearcherUITests;
			sourceTree = "<group>";
		};
		DF5D5B1B5893FEB8BD23A46B /* Frameworks */ = {
			isa = PBXGroup;
			children = (
				FCACDB7C7DD837B71901126E /* Pods_recipeResearcher.framework */,
				5DD68163C8F9786C59E15F46 /* Pods_recipeResearcher_recipeResearcherUITests.framework */,
				A2AC5F2C26670A4752A8850F /* Pods_recipeResearcherTests.framework */,
			);
			name = Frameworks;
			sourceTree = "<group>";
		};
/* End PBXGroup section */

/* Begin PBXNativeTarget section */
		41FB7F90267F6B320030E927 /* recipeResearcher */ = {
			isa = PBXNativeTarget;
			buildConfigurationList = 41FB7FBB267F6B3B0030E927 /* Build configuration list for PBXNativeTarget "recipeResearcher" */;
			buildPhases = (
				77E9B9928C4E336F636A3E92 /* [CP] Check Pods Manifest.lock */,
				41FB7F8D267F6B320030E927 /* Sources */,
				41FB7F8E267F6B320030E927 /* Frameworks */,
				41FB7F8F267F6B320030E927 /* Resources */,
				D6A0C0EFE6977DAE6797843C /* [CP] Embed Pods Frameworks */,
			);
			buildRules = (
			);
			dependencies = (
			);
			name = recipeResearcher;
			productName = recipeResearcher;
			productReference = 41FB7F91267F6B320030E927 /* recipeResearcher.app */;
			productType = "com.apple.product-type.application";
		};
		41FB7FA6267F6B3B0030E927 /* recipeResearcherTests */ = {
			isa = PBXNativeTarget;
			buildConfigurationList = 41FB7FBE267F6B3B0030E927 /* Build configuration list for PBXNativeTarget "recipeResearcherTests" */;
			buildPhases = (
				06E082DCE382CA77D0B354C8 /* [CP] Check Pods Manifest.lock */,
				41FB7FA3267F6B3B0030E927 /* Sources */,
				41FB7FA4267F6B3B0030E927 /* Frameworks */,
				41FB7FA5267F6B3B0030E927 /* Resources */,
			);
			buildRules = (
			);
			dependencies = (
				41FB7FA9267F6B3B0030E927 /* PBXTargetDependency */,
			);
			name = recipeResearcherTests;
			productName = recipeResearcherTests;
			productReference = 41FB7FA7267F6B3B0030E927 /* recipeResearcherTests.xctest */;
			productType = "com.apple.product-type.bundle.unit-test";
		};
		41FB7FB1267F6B3B0030E927 /* recipeResearcherUITests */ = {
			isa = PBXNativeTarget;
			buildConfigurationList = 41FB7FC1267F6B3B0030E927 /* Build configuration list for PBXNativeTarget "recipeResearcherUITests" */;
			buildPhases = (
				8EB7573BCC0E19914695CF3C /* [CP] Check Pods Manifest.lock */,
				41FB7FAE267F6B3B0030E927 /* Sources */,
				41FB7FAF267F6B3B0030E927 /* Frameworks */,
				41FB7FB0267F6B3B0030E927 /* Resources */,
				9FFC3671A613EF70EEF8EB7A /* [CP] Embed Pods Frameworks */,
			);
			buildRules = (
			);
			dependencies = (
				41FB7FB4267F6B3B0030E927 /* PBXTargetDependency */,
			);
			name = recipeResearcherUITests;
			productName = recipeResearcherUITests;
			productReference = 41FB7FB2267F6B3B0030E927 /* recipeResearcherUITests.xctest */;
			productType = "com.apple.product-type.bundle.ui-testing";
		};
/* End PBXNativeTarget section */

/* Begin PBXProject section */
		41FB7F89267F6B320030E927 /* Project object */ = {
			isa = PBXProject;
			attributes = {
				LastSwiftUpdateCheck = 1250;
				LastUpgradeCheck = 1250;
				TargetAttributes = {
					41FB7F90267F6B320030E927 = {
						CreatedOnToolsVersion = 12.5;
					};
					41FB7FA6267F6B3B0030E927 = {
						CreatedOnToolsVersion = 12.5;
						TestTargetID = 41FB7F90267F6B320030E927;
					};
					41FB7FB1267F6B3B0030E927 = {
						CreatedOnToolsVersion = 12.5;
						TestTargetID = 41FB7F90267F6B320030E927;
					};
				};
			};
			buildConfigurationList = 41FB7F8C267F6B320030E927 /* Build configuration list for PBXProject "recipeResearcher" */;
			compatibilityVersion = "Xcode 9.3";
			developmentRegion = en;
			hasScannedForEncodings = 0;
			knownRegions = (
				en,
				Base,
			);
			mainGroup = 41FB7F88267F6B320030E927;
			productRefGroup = 41FB7F92267F6B320030E927 /* Products */;
			projectDirPath = "";
			projectRoot = "";
			targets = (
				41FB7F90267F6B320030E927 /* recipeResearcher */,
				41FB7FA6267F6B3B0030E927 /* recipeResearcherTests */,
				41FB7FB1267F6B3B0030E927 /* recipeResearcherUITests */,
			);
		};
/* End PBXProject section */

/* Begin PBXResourcesBuildPhase section */
		41FB7F8F267F6B320030E927 /* Resources */ = {
			isa = PBXResourcesBuildPhase;
			buildActionMask = 2147483647;
			files = (
				41FB7FA1267F6B3A0030E927 /* LaunchScreen.storyboard in Resources */,
				41FB7F9E267F6B3A0030E927 /* Assets.xcassets in Resources */,
				41FB7F9C267F6B320030E927 /* Main.storyboard in Resources */,
			);
			runOnlyForDeploymentPostprocessing = 0;
		};
		41FB7FA5267F6B3B0030E927 /* Resources */ = {
			isa = PBXResourcesBuildPhase;
			buildActionMask = 2147483647;
			files = (
			);
			runOnlyForDeploymentPostprocessing = 0;
		};
		41FB7FB0267F6B3B0030E927 /* Resources */ = {
			isa = PBXResourcesBuildPhase;
			buildActionMask = 2147483647;
			files = (
			);
			runOnlyForDeploymentPostprocessing = 0;
		};
/* End PBXResourcesBuildPhase section */

/* Begin PBXShellScriptBuildPhase section */
		06E082DCE382CA77D0B354C8 /* [CP] Check Pods Manifest.lock */ = {
			isa = PBXShellScriptBuildPhase;
			buildActionMask = 2147483647;
			files = (
			);
			inputFileListPaths = (
			);
			inputPaths = (
				"${PODS_PODFILE_DIR_PATH}/Podfile.lock",
				"${PODS_ROOT}/Manifest.lock",
			);
			name = "[CP] Check Pods Manifest.lock";
			outputFileListPaths = (
			);
			outputPaths = (
				"$(DERIVED_FILE_DIR)/Pods-recipeResearcherTests-checkManifestLockResult.txt",
			);
			runOnlyForDeploymentPostprocessing = 0;
			shellPath = /bin/sh;
			shellScript = "diff \"${PODS_PODFILE_DIR_PATH}/Podfile.lock\" \"${PODS_ROOT}/Manifest.lock\" > /dev/null\nif [ $? != 0 ] ; then\n    # print error to STDERR\n    echo \"error: The sandbox is not in sync with the Podfile.lock. Run 'pod install' or update your CocoaPods installation.\" >&2\n    exit 1\nfi\n# This output is used by Xcode 'outputs' to avoid re-running this script phase.\necho \"SUCCESS\" > \"${SCRIPT_OUTPUT_FILE_0}\"\n";
			showEnvVarsInLog = 0;
		};
		77E9B9928C4E336F636A3E92 /* [CP] Check Pods Manifest.lock */ = {
			isa = PBXShellScriptBuildPhase;
			buildActionMask = 2147483647;
			files = (
			);
			inputFileListPaths = (
			);
			inputPaths = (
				"${PODS_PODFILE_DIR_PATH}/Podfile.lock",
				"${PODS_ROOT}/Manifest.lock",
			);
			name = "[CP] Check Pods Manifest.lock";
			outputFileListPaths = (
			);
			outputPaths = (
				"$(DERIVED_FILE_DIR)/Pods-recipeResearcher-checkManifestLockResult.txt",
			);
			runOnlyForDeploymentPostprocessing = 0;
			shellPath = /bin/sh;
			shellScript = "diff \"${PODS_PODFILE_DIR_PATH}/Podfile.lock\" \"${PODS_ROOT}/Manifest.lock\" > /dev/null\nif [ $? != 0 ] ; then\n    # print error to STDERR\n    echo \"error: The sandbox is not in sync with the Podfile.lock. Run 'pod install' or update your CocoaPods installation.\" >&2\n    exit 1\nfi\n# This output is used by Xcode 'outputs' to avoid re-running this script phase.\necho \"SUCCESS\" > \"${SCRIPT_OUTPUT_FILE_0}\"\n";
			showEnvVarsInLog = 0;
		};
		8EB7573BCC0E19914695CF3C /* [CP] Check Pods Manifest.lock */ = {
			isa = PBXShellScriptBuildPhase;
			buildActionMask = 2147483647;
			files = (
			);
			inputFileListPaths = (
			);
			inputPaths = (
				"${PODS_PODFILE_DIR_PATH}/Podfile.lock",
				"${PODS_ROOT}/Manifest.lock",
			);
			name = "[CP] Check Pods Manifest.lock";
			outputFileListPaths = (
			);
			outputPaths = (
				"$(DERIVED_FILE_DIR)/Pods-recipeResearcher-recipeResearcherUITests-checkManifestLockResult.txt",
			);
			runOnlyForDeploymentPostprocessing = 0;
			shellPath = /bin/sh;
			shellScript = "diff \"${PODS_PODFILE_DIR_PATH}/Podfile.lock\" \"${PODS_ROOT}/Manifest.lock\" > /dev/null\nif [ $? != 0 ] ; then\n    # print error to STDERR\n    echo \"error: The sandbox is not in sync with the Podfile.lock. Run 'pod install' or update your CocoaPods installation.\" >&2\n    exit 1\nfi\n# This output is used by Xcode 'outputs' to avoid re-running this script phase.\necho \"SUCCESS\" > \"${SCRIPT_OUTPUT_FILE_0}\"\n";
			showEnvVarsInLog = 0;
		};
		9FFC3671A613EF70EEF8EB7A /* [CP] Embed Pods Frameworks */ = {
			isa = PBXShellScriptBuildPhase;
			buildActionMask = 2147483647;
			files = (
			);
			inputFileListPaths = (
				"${PODS_ROOT}/Target Support Files/Pods-recipeResearcher-recipeResearcherUITests/Pods-recipeResearcher-recipeResearcherUITests-frameworks-${CONFIGURATION}-input-files.xcfilelist",
			);
			name = "[CP] Embed Pods Frameworks";
			outputFileListPaths = (
				"${PODS_ROOT}/Target Support Files/Pods-recipeResearcher-recipeResearcherUITests/Pods-recipeResearcher-recipeResearcherUITests-frameworks-${CONFIGURATION}-output-files.xcfilelist",
			);
			runOnlyForDeploymentPostprocessing = 0;
			shellPath = /bin/sh;
			shellScript = "\"${PODS_ROOT}/Target Support Files/Pods-recipeResearcher-recipeResearcherUITests/Pods-recipeResearcher-recipeResearcherUITests-frameworks.sh\"\n";
			showEnvVarsInLog = 0;
		};
		D6A0C0EFE6977DAE6797843C /* [CP] Embed Pods Frameworks */ = {
			isa = PBXShellScriptBuildPhase;
			buildActionMask = 2147483647;
			files = (
			);
			inputFileListPaths = (
				"${PODS_ROOT}/Target Support Files/Pods-recipeResearcher/Pods-recipeResearcher-frameworks-${CONFIGURATION}-input-files.xcfilelist",
			);
			name = "[CP] Embed Pods Frameworks";
			outputFileListPaths = (
				"${PODS_ROOT}/Target Support Files/Pods-recipeResearcher/Pods-recipeResearcher-frameworks-${CONFIGURATION}-output-files.xcfilelist",
			);
			runOnlyForDeploymentPostprocessing = 0;
			shellPath = /bin/sh;
			shellScript = "\"${PODS_ROOT}/Target Support Files/Pods-recipeResearcher/Pods-recipeResearcher-frameworks.sh\"\n";
			showEnvVarsInLog = 0;
		};
/* End PBXShellScriptBuildPhase section */

/* Begin PBXSourcesBuildPhase section */
		41FB7F8D267F6B320030E927 /* Sources */ = {
			isa = PBXSourcesBuildPhase;
			buildActionMask = 2147483647;
			files = (
				41FB7F99267F6B320030E927 /* ViewController.swift in Sources */,
				41B146612680D71F0080F75D /* recipeInfoViewController.swift in Sources */,
				41FB7FC7267F6D360030E927 /* apiKey.swift in Sources */,
				41FB7FC5267F6BCB0030E927 /* apiStruct.swift in Sources */,
				41FB7F95267F6B320030E927 /* AppDelegate.swift in Sources */,
				41FB7FCD26800DB70030E927 /* recipeListViewController.swift in Sources */,
				41C0693B268244CA006B90BD /* getImageByUrl.swift in Sources */,
				41FB7F97267F6B320030E927 /* SceneDelegate.swift in Sources */,
				41FB7FC9267F6D600030E927 /* recipeRequest.swift in Sources */,
				41C0693926823A9A006B90BD /* categoryRequest.swift in Sources */,
				41FB7FCB267F91EA0030E927 /* categoryViewController.swift in Sources */,
				41B146632680ECB20080F75D /* originalPageViewController.swift in Sources */,
			);
			runOnlyForDeploymentPostprocessing = 0;
		};
		41FB7FA3267F6B3B0030E927 /* Sources */ = {
			isa = PBXSourcesBuildPhase;
			buildActionMask = 2147483647;
			files = (
				41FB7FAC267F6B3B0030E927 /* recipeResearcherTests.swift in Sources */,
			);
			runOnlyForDeploymentPostprocessing = 0;
		};
		41FB7FAE267F6B3B0030E927 /* Sources */ = {
			isa = PBXSourcesBuildPhase;
			buildActionMask = 2147483647;
			files = (
				41FB7FB7267F6B3B0030E927 /* recipeResearcherUITests.swift in Sources */,
			);
			runOnlyForDeploymentPostprocessing = 0;
		};
/* End PBXSourcesBuildPhase section */

/* Begin PBXTargetDependency section */
		41FB7FA9267F6B3B0030E927 /* PBXTargetDependency */ = {
			isa = PBXTargetDependency;
			target = 41FB7F90267F6B320030E927 /* recipeResearcher */;
			targetProxy = 41FB7FA8267F6B3B0030E927 /* PBXContainerItemProxy */;
		};
		41FB7FB4267F6B3B0030E927 /* PBXTargetDependency */ = {
			isa = PBXTargetDependency;
			target = 41FB7F90267F6B320030E927 /* recipeResearcher */;
			targetProxy = 41FB7FB3267F6B3B0030E927 /* PBXContainerItemProxy */;
		};
/* End PBXTargetDependency section */

/* Begin PBXVariantGroup section */
		41FB7F9A267F6B320030E927 /* Main.storyboard */ = {
			isa = PBXVariantGroup;
			children = (
				41FB7F9B267F6B320030E927 /* Base */,
			);
			name = Main.storyboard;
			sourceTree = "<group>";
		};
		41FB7F9F267F6B3A0030E927 /* LaunchScreen.storyboard */ = {
			isa = PBXVariantGroup;
			children = (
				41FB7FA0267F6B3A0030E927 /* Base */,
			);
			name = LaunchScreen.storyboard;
			sourceTree = "<group>";
		};
/* End PBXVariantGroup section */

/* Begin XCBuildConfiguration section */
		41FB7FB9267F6B3B0030E927 /* Debug */ = {
			isa = XCBuildConfiguration;
			buildSettings = {
				ALWAYS_SEARCH_USER_PATHS = NO;
				CLANG_ANALYZER_NONNULL = YES;
				CLANG_ANALYZER_NUMBER_OBJECT_CONVERSION = YES_AGGRESSIVE;
				CLANG_CXX_LANGUAGE_STANDARD = "gnu++14";
				CLANG_CXX_LIBRARY = "libc++";
				CLANG_ENABLE_MODULES = YES;
				CLANG_ENABLE_OBJC_ARC = YES;
				CLANG_ENABLE_OBJC_WEAK = YES;
				CLANG_WARN_BLOCK_CAPTURE_AUTORELEASING = YES;
				CLANG_WARN_BOOL_CONVERSION = YES;
				CLANG_WARN_COMMA = YES;
				CLANG_WARN_CONSTANT_CONVERSION = YES;
				CLANG_WARN_DEPRECATED_OBJC_IMPLEMENTATIONS = YES;
				CLANG_WARN_DIRECT_OBJC_ISA_USAGE = YES_ERROR;
				CLANG_WARN_DOCUMENTATION_COMMENTS = YES;
				CLANG_WARN_EMPTY_BODY = YES;
				CLANG_WARN_ENUM_CONVERSION = YES;
				CLANG_WARN_INFINITE_RECURSION = YES;
				CLANG_WARN_INT_CONVERSION = YES;
				CLANG_WARN_NON_LITERAL_NULL_CONVERSION = YES;
				CLANG_WARN_OBJC_IMPLICIT_RETAIN_SELF = YES;
				CLANG_WARN_OBJC_LITERAL_CONVERSION = YES;
				CLANG_WARN_OBJC_ROOT_CLASS = YES_ERROR;
				CLANG_WARN_QUOTED_INCLUDE_IN_FRAMEWORK_HEADER = YES;
				CLANG_WARN_RANGE_LOOP_ANALYSIS = YES;
				CLANG_WARN_STRICT_PROTOTYPES = YES;
				CLANG_WARN_SUSPICIOUS_MOVE = YES;
				CLANG_WARN_UNGUARDED_AVAILABILITY = YES_AGGRESSIVE;
				CLANG_WARN_UNREACHABLE_CODE = YES;
				CLANG_WARN__DUPLICATE_METHOD_MATCH = YES;
				COPY_PHASE_STRIP = NO;
				DEBUG_INFORMATION_FORMAT = dwarf;
				ENABLE_STRICT_OBJC_MSGSEND = YES;
				ENABLE_TESTABILITY = YES;
				GCC_C_LANGUAGE_STANDARD = gnu11;
				GCC_DYNAMIC_NO_PIC = NO;
				GCC_NO_COMMON_BLOCKS = YES;
				GCC_OPTIMIZATION_LEVEL = 0;
				GCC_PREPROCESSOR_DEFINITIONS = (
					"DEBUG=1",
					"$(inherited)",
				);
				GCC_WARN_64_TO_32_BIT_CONVERSION = YES;
				GCC_WARN_ABOUT_RETURN_TYPE = YES_ERROR;
				GCC_WARN_UNDECLARED_SELECTOR = YES;
				GCC_WARN_UNINITIALIZED_AUTOS = YES_AGGRESSIVE;
				GCC_WARN_UNUSED_FUNCTION = YES;
				GCC_WARN_UNUSED_VARIABLE = YES;
				IPHONEOS_DEPLOYMENT_TARGET = 14.5;
				MTL_ENABLE_DEBUG_INFO = INCLUDE_SOURCE;
				MTL_FAST_MATH = YES;
				ONLY_ACTIVE_ARCH = YES;
				SDKROOT = iphoneos;
				SWIFT_ACTIVE_COMPILATION_CONDITIONS = DEBUG;
				SWIFT_OPTIMIZATION_LEVEL = "-Onone";
			};
			name = Debug;
		};
		41FB7FBA267F6B3B0030E927 /* Release */ = {
			isa = XCBuildConfiguration;
			buildSettings = {
				ALWAYS_SEARCH_USER_PATHS = NO;
				CLANG_ANALYZER_NONNULL = YES;
				CLANG_ANALYZER_NUMBER_OBJECT_CONVERSION = YES_AGGRESSIVE;
				CLANG_CXX_LANGUAGE_STANDARD = "gnu++14";
				CLANG_CXX_LIBRARY = "libc++";
				CLANG_ENABLE_MODULES = YES;
				CLANG_ENABLE_OBJC_ARC = YES;
				CLANG_ENABLE_OBJC_WEAK = YES;
				CLANG_WARN_BLOCK_CAPTURE_AUTORELEASING = YES;
				CLANG_WARN_BOOL_CONVERSION = YES;
				CLANG_WARN_COMMA = YES;
				CLANG_WARN_CONSTANT_CONVERSION = YES;
				CLANG_WARN_DEPRECATED_OBJC_IMPLEMENTATIONS = YES;
				CLANG_WARN_DIRECT_OBJC_ISA_USAGE = YES_ERROR;
				CLANG_WARN_DOCUMENTATION_COMMENTS = YES;
				CLANG_WARN_EMPTY_BODY = YES;
				CLANG_WARN_ENUM_CONVERSION = YES;
				CLANG_WARN_INFINITE_RECURSION = YES;
				CLANG_WARN_INT_CONVERSION = YES;
				CLANG_WARN_NON_LITERAL_NULL_CONVERSION = YES;
				CLANG_WARN_OBJC_IMPLICIT_RETAIN_SELF = YES;
				CLANG_WARN_OBJC_LITERAL_CONVERSION = YES;
				CLANG_WARN_OBJC_ROOT_CLASS = YES_ERROR;
				CLANG_WARN_QUOTED_INCLUDE_IN_FRAMEWORK_HEADER = YES;
				CLANG_WARN_RANGE_LOOP_ANALYSIS = YES;
				CLANG_WARN_STRICT_PROTOTYPES = YES;
				CLANG_WARN_SUSPICIOUS_MOVE = YES;
				CLANG_WARN_UNGUARDED_AVAILABILITY = YES_AGGRESSIVE;
				CLANG_WARN_UNREACHABLE_CODE = YES;
				CLANG_WARN__DUPLICATE_METHOD_MATCH = YES;
				COPY_PHASE_STRIP = NO;
				DEBUG_INFORMATION_FORMAT = "dwarf-with-dsym";
				ENABLE_NS_ASSERTIONS = NO;
				ENABLE_STRICT_OBJC_MSGSEND = YES;
				GCC_C_LANGUAGE_STANDARD = gnu11;
				GCC_NO_COMMON_BLOCKS = YES;
				GCC_WARN_64_TO_32_BIT_CONVERSION = YES;
				GCC_WARN_ABOUT_RETURN_TYPE = YES_ERROR;
				GCC_WARN_UNDECLARED_SELECTOR = YES;
				GCC_WARN_UNINITIALIZED_AUTOS = YES_AGGRESSIVE;
				GCC_WARN_UNUSED_FUNCTION = YES;
				GCC_WARN_UNUSED_VARIABLE = YES;
				IPHONEOS_DEPLOYMENT_TARGET = 14.5;
				MTL_ENABLE_DEBUG_INFO = NO;
				MTL_FAST_MATH = YES;
				SDKROOT = iphoneos;
				SWIFT_COMPILATION_MODE = wholemodule;
				SWIFT_OPTIMIZATION_LEVEL = "-O";
				VALIDATE_PRODUCT = YES;
			};
			name = Release;
		};
		41FB7FBC267F6B3B0030E927 /* Debug */ = {
			isa = XCBuildConfiguration;
			baseConfigurationReference = 2C13D9C68D5FEA5EA0DBFF00 /* Pods-recipeResearcher.debug.xcconfig */;
			buildSettings = {
				ASSETCATALOG_COMPILER_APPICON_NAME = AppIcon;
				ASSETCATALOG_COMPILER_GLOBAL_ACCENT_COLOR_NAME = AccentColor;
				CODE_SIGN_STYLE = Automatic;
				DEVELOPMENT_TEAM = UF6465UXER;
				INFOPLIST_FILE = recipeResearcher/Info.plist;
				LD_RUNPATH_SEARCH_PATHS = (
					"$(inherited)",
					"@executable_path/Frameworks",
				);
				PRODUCT_BUNDLE_IDENTIFIER = dry.recipeResearcher;
				PRODUCT_NAME = "$(TARGET_NAME)";
				SWIFT_VERSION = 5.0;
				TARGETED_DEVICE_FAMILY = "1,2";
			};
			name = Debug;
		};
		41FB7FBD267F6B3B0030E927 /* Release */ = {
			isa = XCBuildConfiguration;
			baseConfigurationReference = 170D9808A55483622466171F /* Pods-recipeResearcher.release.xcconfig */;
			buildSettings = {
				ASSETCATALOG_COMPILER_APPICON_NAME = AppIcon;
				ASSETCATALOG_COMPILER_GLOBAL_ACCENT_COLOR_NAME = AccentColor;
				CODE_SIGN_STYLE = Automatic;
				DEVELOPMENT_TEAM = UF6465UXER;
				INFOPLIST_FILE = recipeResearcher/Info.plist;
				LD_RUNPATH_SEARCH_PATHS = (
					"$(inherited)",
					"@executable_path/Frameworks",
				);
				PRODUCT_BUNDLE_IDENTIFIER = dry.recipeResearcher;
				PRODUCT_NAME = "$(TARGET_NAME)";
				SWIFT_VERSION = 5.0;
				TARGETED_DEVICE_FAMILY = "1,2";
			};
			name = Release;
		};
		41FB7FBF267F6B3B0030E927 /* Debug */ = {
			isa = XCBuildConfiguration;
			baseConfigurationReference = AC26C2FFCC095DCA248D96AD /* Pods-recipeResearcherTests.debug.xcconfig */;
			buildSettings = {
				ALWAYS_EMBED_SWIFT_STANDARD_LIBRARIES = YES;
				BUNDLE_LOADER = "$(TEST_HOST)";
				CODE_SIGN_STYLE = Automatic;
				DEVELOPMENT_TEAM = UF6465UXER;
				INFOPLIST_FILE = recipeResearcherTests/Info.plist;
				IPHONEOS_DEPLOYMENT_TARGET = 14.5;
				LD_RUNPATH_SEARCH_PATHS = (
					"$(inherited)",
					"@executable_path/Frameworks",
					"@loader_path/Frameworks",
				);
				PRODUCT_BUNDLE_IDENTIFIER = dry.recipeResearcherTests;
				PRODUCT_NAME = "$(TARGET_NAME)";
				SWIFT_VERSION = 5.0;
				TARGETED_DEVICE_FAMILY = "1,2";
				TEST_HOST = "$(BUILT_PRODUCTS_DIR)/recipeResearcher.app/recipeResearcher";
			};
			name = Debug;
		};
		41FB7FC0267F6B3B0030E927 /* Release */ = {
			isa = XCBuildConfiguration;
			baseConfigurationReference = 0CDB49D3C7CA57BFEA7E76EA /* Pods-recipeResearcherTests.release.xcconfig */;
			buildSettings = {
				ALWAYS_EMBED_SWIFT_STANDARD_LIBRARIES = YES;
				BUNDLE_LOADER = "$(TEST_HOST)";
				CODE_SIGN_STYLE = Automatic;
				DEVELOPMENT_TEAM = UF6465UXER;
				INFOPLIST_FILE = recipeResearcherTests/Info.plist;
				IPHONEOS_DEPLOYMENT_TARGET = 14.5;
				LD_RUNPATH_SEARCH_PATHS = (
					"$(inherited)",
					"@executable_path/Frameworks",
					"@loader_path/Frameworks",
				);
				PRODUCT_BUNDLE_IDENTIFIER = dry.recipeResearcherTests;
				PRODUCT_NAME = "$(TARGET_NAME)";
				SWIFT_VERSION = 5.0;
				TARGETED_DEVICE_FAMILY = "1,2";
				TEST_HOST = "$(BUILT_PRODUCTS_DIR)/recipeResearcher.app/recipeResearcher";
			};
			name = Release;
		};
		41FB7FC2267F6B3B0030E927 /* Debug */ = {
			isa = XCBuildConfiguration;
			baseConfigurationReference = E75F914B63EB87E72E1D2C93 /* Pods-recipeResearcher-recipeResearcherUITests.debug.xcconfig */;
			buildSettings = {
				ALWAYS_EMBED_SWIFT_STANDARD_LIBRARIES = YES;
				CODE_SIGN_STYLE = Automatic;
				DEVELOPMENT_TEAM = UF6465UXER;
				INFOPLIST_FILE = recipeResearcherUITests/Info.plist;
				LD_RUNPATH_SEARCH_PATHS = (
					"$(inherited)",
					"@executable_path/Frameworks",
					"@loader_path/Frameworks",
				);
				PRODUCT_BUNDLE_IDENTIFIER = dry.recipeResearcherUITests;
				PRODUCT_NAME = "$(TARGET_NAME)";
				SWIFT_VERSION = 5.0;
				TARGETED_DEVICE_FAMILY = "1,2";
				TEST_TARGET_NAME = recipeResearcher;
			};
			name = Debug;
		};
		41FB7FC3267F6B3B0030E927 /* Release */ = {
			isa = XCBuildConfiguration;
			baseConfigurationReference = BF76325778BCBEA712E072D9 /* Pods-recipeResearcher-recipeResearcherUITests.release.xcconfig */;
			buildSettings = {
				ALWAYS_EMBED_SWIFT_STANDARD_LIBRARIES = YES;
				CODE_SIGN_STYLE = Automatic;
				DEVELOPMENT_TEAM = UF6465UXER;
				INFOPLIST_FILE = recipeResearcherUITests/Info.plist;
				LD_RUNPATH_SEARCH_PATHS = (
					"$(inherited)",
					"@executable_path/Frameworks",
					"@loader_path/Frameworks",
				);
				PRODUCT_BUNDLE_IDENTIFIER = dry.recipeResearcherUITests;
				PRODUCT_NAME = "$(TARGET_NAME)";
				SWIFT_VERSION = 5.0;
				TARGETED_DEVICE_FAMILY = "1,2";
				TEST_TARGET_NAME = recipeResearcher;
			};
			name = Release;
		};
/* End XCBuildConfiguration section */

/* Begin XCConfigurationList section */
		41FB7F8C267F6B320030E927 /* Build configuration list for PBXProject "recipeResearcher" */ = {
			isa = XCConfigurationList;
			buildConfigurations = (
				41FB7FB9267F6B3B0030E927 /* Debug */,
				41FB7FBA267F6B3B0030E927 /* Release */,
			);
			defaultConfigurationIsVisible = 0;
			defaultConfigurationName = Release;
		};
		41FB7FBB267F6B3B0030E927 /* Build configuration list for PBXNativeTarget "recipeResearcher" */ = {
			isa = XCConfigurationList;
			buildConfigurations = (
				41FB7FBC267F6B3B0030E927 /* Debug */,
				41FB7FBD267F6B3B0030E927 /* Release */,
			);
			defaultConfigurationIsVisible = 0;
			defaultConfigurationName = Release;
		};
		41FB7FBE267F6B3B0030E927 /* Build configuration list for PBXNativeTarget "recipeResearcherTests" */ = {
			isa = XCConfigurationList;
			buildConfigurations = (
				41FB7FBF267F6B3B0030E927 /* Debug */,
				41FB7FC0267F6B3B0030E927 /* Release */,
			);
			defaultConfigurationIsVisible = 0;
			defaultConfigurationName = Release;
		};
		41FB7FC1267F6B3B0030E927 /* Build configuration list for PBXNativeTarget "recipeResearcherUITests" */ = {
			isa = XCConfigurationList;
			buildConfigurations = (
				41FB7FC2267F6B3B0030E927 /* Debug */,
				41FB7FC3267F6B3B0030E927 /* Release */,
			);
			defaultConfigurationIsVisible = 0;
			defaultConfigurationName = Release;
		};
/* End XCConfigurationList section */
	};
	rootObject = 41FB7F89267F6B320030E927 /* Project object */;
}
